
Microsoft Visual Studio Solution File, Format Version 12.00
# Visual Studio 15
VisualStudioVersion = 15.0.28010.2016
MinimumVisualStudioVersion = 10.0.40219.1
Project("{9A19103F-16F7-4668-BE54-9A1E7A4F7556}") = "Ara3D.Math", "Ara3D.Math.csproj", "{D2AE7027-676E-4D77-B6BA-B5E94BD37C0D}"
EndProject
Project("{9A19103F-16F7-4668-BE54-9A1E7A4F7556}") = "Ara3D.LinqArray", "..\LinqArray\Ara3D.LinqArray.csproj", "{08D343AE-765B-4647-8BC5-DBEB106301A4}"
EndProject
Global
	GlobalSection(SolutionConfigurationPlatforms) = preSolution
		Debug|Any CPU = Debug|Any CPU
		Release|Any CPU = Release|Any CPU
	EndGlobalSection
	GlobalSection(ProjectConfigurationPlatforms) = postSolution
		{D2AE7027-676E-4D77-B6BA-B5E94BD37C0D}.Debug|Any CPU.ActiveCfg = Debug|Any CPU
		{D2AE7027-676E-4D77-B6BA-B5E94BD37C0D}.Debug|Any CPU.Build.0 = Debug|Any CPU
		{D2AE7027-676E-4D77-B6BA-B5E94BD37C0D}.Release|Any CPU.ActiveCfg = Release|Any CPU
		{D2AE7027-676E-4D77-B6BA-B5E94BD37C0D}.Release|Any CPU.Build.0 = Release|Any CPU
		{08D343AE-765B-4647-8BC5-DBEB106301A4}.Debug|Any CPU.ActiveCfg = Debug|Any CPU
		{08D343AE-765B-4647-8BC5-DBEB106301A4}.Debug|Any CPU.Build.0 = Debug|Any CPU
		{08D343AE-765B-4647-8BC5-DBEB106301A4}.Release|Any CPU.ActiveCfg = Release|Any CPU
		{08D343AE-765B-4647-8BC5-DBEB106301A4}.Release|Any CPU.Build.0 = Release|Any CPU
	EndGlobalSection
	GlobalSection(SolutionProperties) = preSolution
		HideSolutionNode = FALSE
	EndGlobalSection
	GlobalSection(ExtensibilityGlobals) = postSolution
		SolutionGuid = {D2E86012-582D-4F5C-849D-D71CB23098A4}
	EndGlobalSection
EndGlobal
