
Microsoft Visual Studio Solution File, Format Version 12.00
# Visual Studio Version 16
VisualStudioVersion = 16.0.29306.81
MinimumVisualStudioVersion = 10.0.40219.1
Project("{FAE04EC0-301F-11D3-BF4B-00C04F79EFBC}") = "Vim.Math3D.Tests", "tests\Vim.Math3D.Tests.csproj", "{8ADE2F5A-B432-41E9-AB4E-F36CB58C7E54}"
EndProject
Project("{FAE04EC0-301F-11D3-BF4B-00C04F79EFBC}") = "Vim.Math3D", "src\Vim.Math3D.csproj", "{F9430261-9426-4D6B-A1B8-9D3F2BFBB501}"
EndProject
Global
	GlobalSection(SolutionConfigurationPlatforms) = preSolution
		Debug|Any CPU = Debug|Any CPU
		Release|Any CPU = Release|Any CPU
	EndGlobalSection
	GlobalSection(ProjectConfigurationPlatforms) = postSolution
		{8ADE2F5A-B432-41E9-AB4E-F36CB58C7E54}.Debug|Any CPU.ActiveCfg = Debug|Any CPU
		{8ADE2F5A-B432-41E9-AB4E-F36CB58C7E54}.Debug|Any CPU.Build.0 = Debug|Any CPU
		{8ADE2F5A-B432-41E9-AB4E-F36CB58C7E54}.Release|Any CPU.ActiveCfg = Release|Any CPU
		{8ADE2F5A-B432-41E9-AB4E-F36CB58C7E54}.Release|Any CPU.Build.0 = Release|Any CPU
		{F9430261-9426-4D6B-A1B8-9D3F2BFBB501}.Debug|Any CPU.ActiveCfg = Debug|Any CPU
		{F9430261-9426-4D6B-A1B8-9D3F2BFBB501}.Debug|Any CPU.Build.0 = Debug|Any CPU
		{F9430261-9426-4D6B-A1B8-9D3F2BFBB501}.Release|Any CPU.ActiveCfg = Release|Any CPU
		{F9430261-9426-4D6B-A1B8-9D3F2BFBB501}.Release|Any CPU.Build.0 = Release|Any CPU
	EndGlobalSection
	GlobalSection(SolutionProperties) = preSolution
		HideSolutionNode = FALSE
	EndGlobalSection
	GlobalSection(ExtensibilityGlobals) = postSolution
		SolutionGuid = {EBCDAD58-2184-4BF1-A739-4F4E1E6F4067}
	EndGlobalSection
EndGlobal
